PODS:
  - EasyPeasy (1.9.0)
  - Reveal-SDK (22)
  - RxCocoa (5.0.0):
    - RxRelay (~> 5)
    - RxSwift (~> 5)
  - RxRelay (5.0.0):
    - RxSwift (~> 5)
  - RxSwift (5.0.0)
  - Texture/Core (2.8.1)
  - TypedTextAttributes (1.0.2)

DEPENDENCIES:
  - EasyPeasy
  - Reveal-SDK
  - RxCocoa
  - RxSwift
  - Texture/Core
  - TypedTextAttributes

SPEC REPOS:
  https://github.com/cocoapods/specs.git:
    - EasyPeasy
    - Reveal-SDK
    - RxCocoa
    - RxRelay
    - RxSwift
    - Texture
    - TypedTextAttributes

SPEC CHECKSUMS:
  EasyPeasy: 19a84ef8f8bbcf925b9fecc29d1d78b7dab96718
  Reveal-SDK: 1385ab77aa15e9a3e21f798c74bd8e94cb54c651
  RxCocoa: fcf32050ac00d801f34a7f71d5e8e7f23026dcd8
  RxRelay: 4f7409406a51a55cd88483f21ed898c234d60f18
  RxSwift: 8b0671caa829a763bbce7271095859121cbd895f
  Texture: 8ecf6984065a1e54f06bf97b349ecca28582acd7
  TypedTextAttributes: 280e427de3ea96dec1d1869129e5e251b8f52f37

PODFILE CHECKSUM: 4332b3e3287115c5e9d3caf01a683adafb12d129

COCOAPODS: 1.6.1
